// !$*UTF8*$!
{
	archiveVersion = 1;
	classes = {
	};
	objectVersion = 46;
	objects = {

/* Begin PBXBuildFile section */
		BA3C93C11810940D003A7910 /* Foundation.framework in Frameworks */ = {isa = PBXBuildFile; fileRef = BA3C93C01810940D003A7910 /* Foundation.framework */; };
		BA3C93C31810940D003A7910 /* CoreGraphics.framework in Frameworks */ = {isa = PBXBuildFile; fileRef = BA3C93C21810940D003A7910 /* CoreGraphics.framework */; };
		BA3C93C51810940D003A7910 /* UIKit.framework in Frameworks */ = {isa = PBXBuildFile; fileRef = BA3C93C41810940D003A7910 /* UIKit.framework */; };
		BA3C93CB1810940D003A7910 /* InfoPlist.strings in Resources */ = {isa = PBXBuildFile; fileRef = BA3C93C91810940D003A7910 /* InfoPlist.strings */; };
		BA3C93CD1810940D003A7910 /* main.m in Sources */ = {isa = PBXBuildFile; fileRef = BA3C93CC1810940D003A7910 /* main.m */; };
		BA3C93D11810940D003A7910 /* CCAppDelegate.m in Sources */ = {isa = PBXBuildFile; fileRef = BA3C93D01810940D003A7910 /* CCAppDelegate.m */; };
		BA3C93D41810940D003A7910 /* Main_iPhone.storyboard in Resources */ = {isa = PBXBuildFile; fileRef = BA3C93D21810940D003A7910 /* Main_iPhone.storyboard */; };
		BA3C93D71810940D003A7910 /* Main_iPad.storyboard in Resources */ = {isa = PBXBuildFile; fileRef = BA3C93D51810940D003A7910 /* Main_iPad.storyboard */; };
		BA3C93DA1810940D003A7910 /* CCViewController.m in Sources */ = {isa = PBXBuildFile; fileRef = BA3C93D91810940D003A7910 /* CCViewController.m */; };
		BA3C93DC1810940D003A7910 /* Images.xcassets in Resources */ = {isa = PBXBuildFile; fileRef = BA3C93DB1810940D003A7910 /* Images.xcassets */; };
		BA3C93E31810940D003A7910 /* XCTest.framework in Frameworks */ = {isa = PBXBuildFile; fileRef = BA3C93E21810940D003A7910 /* XCTest.framework */; };
		BA3C93E41810940D003A7910 /* Foundation.framework in Frameworks */ = {isa = PBXBuildFile; fileRef = BA3C93C01810940D003A7910 /* Foundation.framework */; };
		BA3C93E51810940D003A7910 /* UIKit.framework in Frameworks */ = {isa = PBXBuildFile; fileRef = BA3C93C41810940D003A7910 /* UIKit.framework */; };
		BA3C93ED1810940D003A7910 /* InfoPlist.strings in Resources */ = {isa = PBXBuildFile; fileRef = BA3C93EB1810940D003A7910 /* InfoPlist.strings */; };
		BA3C93EF1810940D003A7910 /* Git_TestTests.m in Sources */ = {isa = PBXBuildFile; fileRef = BA3C93EE1810940D003A7910 /* Git_TestTests.m */; };
/* End PBXBuildFile section */

/* Begin PBXContainerItemProxy section */
		BA3C93E61810940D003A7910 /* PBXContainerItemProxy */ = {
			isa = PBXContainerItemProxy;
			containerPortal = BA3C93B51810940D003A7910 /* Project object */;
			proxyType = 1;
			remoteGlobalIDString = BA3C93BC1810940D003A7910;
			remoteInfo = "Git Test";
		};
/* End PBXContainerItemProxy section */

/* Begin PBXFileReference section */
		BA3C93BD1810940D003A7910 /* Git Test.app */ = {isa = PBXFileReference; explicitFileType = wrapper.application; includeInIndex = 0; path = "Git Test.app"; sourceTree = BUILT_PRODUCTS_DIR; };
		BA3C93C01810940D003A7910 /* Foundation.framework */ = {isa = PBXFileReference; lastKnownFileType = wrapper.framework; name = Foundation.framework; path = System/Library/Frameworks/Foundation.framework; sourceTree = SDKROOT; };
		BA3C93C21810940D003A7910 /* CoreGraphics.framework */ = {isa = PBXFileReference; lastKnownFileType = wrapper.framework; name = CoreGraphics.framework; path = System/Library/Frameworks/CoreGraphics.framework; sourceTree = SDKROOT; };
		BA3C93C41810940D003A7910 /* UIKit.framework */ = {isa = PBXFileReference; lastKnownFileType = wrapper.framework; name = UIKit.framework; path = System/Library/Frameworks/UIKit.framework; sourceTree = SDKROOT; };
		BA3C93C81810940D003A7910 /* Git Test-Info.plist */ = {isa = PBXFileReference; lastKnownFileType = text.plist.xml; path = "Git Test-Info.plist"; sourceTree = "<group>"; };
		BA3C93CA1810940D003A7910 /* en */ = {isa = PBXFileReference; lastKnownFileType = text.plist.strings; name = en; path = en.lproj/InfoPlist.strings; sourceTree = "<group>"; };
		BA3C93CC1810940D003A7910 /* main.m */ = {isa = PBXFileReference; lastKnownFileType = sourcecode.c.objc; path = main.m; sourceTree = "<group>"; };
		BA3C93CE1810940D003A7910 /* Git Test-Prefix.pch */ = {isa = PBXFileReference; lastKnownFileType = sourcecode.c.h; path = "Git Test-Prefix.pch"; sourceTree = "<group>"; };
		BA3C93CF1810940D003A7910 /* CCAppDelegate.h */ = {isa = PBXFileReference; lastKnownFileType = sourcecode.c.h; path = CCAppDelegate.h; sourceTree = "<group>"; };
		BA3C93D01810940D003A7910 /* CCAppDelegate.m */ = {isa = PBXFileReference; lastKnownFileType = sourcecode.c.objc; path = CCAppDelegate.m; sourceTree = "<group>"; };
		BA3C93D31810940D003A7910 /* Base */ = {isa = PBXFileReference; lastKnownFileType = file.storyboard; name = Base; path = Base.lproj/Main_iPhone.storyboard; sourceTree = "<group>"; };
		BA3C93D61810940D003A7910 /* Base */ = {isa = PBXFileReference; lastKnownFileType = file.storyboard; name = Base; path = Base.lproj/Main_iPad.storyboard; sourceTree = "<group>"; };
		BA3C93D81810940D003A7910 /* CCViewController.h */ = {isa = PBXFileReference; lastKnownFileType = sourcecode.c.h; path = CCViewController.h; sourceTree = "<group>"; };
		BA3C93D91810940D003A7910 /* CCViewController.m */ = {isa = PBXFileReference; lastKnownFileType = sourcecode.c.objc; path = CCViewController.m; sourceTree = "<group>"; };
		BA3C93DB1810940D003A7910 /* Images.xcassets */ = {isa = PBXFileReference; lastKnownFileType = folder.assetcatalog; path = Images.xcassets; sourceTree = "<group>"; };
		BA3C93E11810940D003A7910 /* Git TestTests.xctest */ = {isa = PBXFileReference; explicitFileType = wrapper.cfbundle; includeInIndex = 0; path = "Git TestTests.xctest"; sourceTree = BUILT_PRODUCTS_DIR; };
		BA3C93E21810940D003A7910 /* XCTest.framework */ = {isa = PBXFileReference; lastKnownFileType = wrapper.framework; name = XCTest.framework; path = Library/Frameworks/XCTest.framework; sourceTree = DEVELOPER_DIR; };
		BA3C93EA1810940D003A7910 /* Git TestTests-Info.plist */ = {isa = PBXFileReference; lastKnownFileType = text.plist.xml; path = "Git TestTests-Info.plist"; sourceTree = "<group>"; };
		BA3C93EC1810940D003A7910 /* en */ = {isa = PBXFileReference; lastKnownFileType = text.plist.strings; name = en; path = en.lproj/InfoPlist.strings; sourceTree = "<group>"; };
		BA3C93EE1810940D003A7910 /* Git_TestTests.m */ = {isa = PBXFileReference; lastKnownFileType = sourcecode.c.objc; path = Git_TestTests.m; sourceTree = "<group>"; };
/* End PBXFileReference section */

/* Begin PBXFrameworksBuildPhase section */
		BA3C93BA1810940D003A7910 /* Frameworks */ = {
			isa = PBXFrameworksBuildPhase;
			buildActionMask = 2147483647;
			files = (
				BA3C93C31810940D003A7910 /* CoreGraphics.framework in Frameworks */,
				BA3C93C51810940D003A7910 /* UIKit.framework in Frameworks */,
				BA3C93C11810940D003A7910 /* Foundation.framework in Frameworks */,
			);
			runOnlyForDeploymentPostprocessing = 0;
		};
		BA3C93DE1810940D003A7910 /* Frameworks */ = {
			isa = PBXFrameworksBuildPhase;
			buildActionMask = 2147483647;
			files = (
				BA3C93E31810940D003A7910 /* XCTest.framework in Frameworks */,
				BA3C93E51810940D003A7910 /* UIKit.framework in Frameworks */,
				BA3C93E41810940D003A7910 /* Foundation.framework in Frameworks */,
			);
			runOnlyForDeploymentPostprocessing = 0;
		};
/* End PBXFrameworksBuildPhase section */

/* Begin PBXGroup section */
		BA3C93B41810940D003A7910 = {
			isa = PBXGroup;
			children = (
				BA3C93C61810940D003A7910 /* Git Test */,
				BA3C93E81810940D003A7910 /* Git TestTests */,
				BA3C93BF1810940D003A7910 /* Frameworks */,
				BA3C93BE1810940D003A7910 /* Products */,
			);
			sourceTree = "<group>";
		};
		BA3C93BE1810940D003A7910 /* Products */ = {
			isa = PBXGroup;
			children = (
				BA3C93BD1810940D003A7910 /* Git Test.app */,
				BA3C93E11810940D003A7910 /* Git TestTests.xctest */,
			);
			name = Products;
			sourceTree = "<group>";
		};
		BA3C93BF1810940D003A7910 /* Frameworks */ = {
			isa = PBXGroup;
			children = (
				BA3C93C01810940D003A7910 /* Foundation.framework */,
				BA3C93C21810940D003A7910 /* CoreGraphics.framework */,
				BA3C93C41810940D003A7910 /* UIKit.framework */,
				BA3C93E21810940D003A7910 /* XCTest.framework */,
			);
			name = Frameworks;
			sourceTree = "<group>";
		};
		BA3C93C61810940D003A7910 /* Git Test */ = {
			isa = PBXGroup;
			children = (
				BA3C93CF1810940D003A7910 /* CCAppDelegate.h */,
				BA3C93D01810940D003A7910 /* CCAppDelegate.m */,
				BA3C93D21810940D003A7910 /* Main_iPhone.storyboard */,
				BA3C93D51810940D003A7910 /* Main_iPad.storyboard */,
				BA3C93D81810940D003A7910 /* CCViewController.h */,
				BA3C93D91810940D003A7910 /* CCViewController.m */,
				BA3C93DB1810940D003A7910 /* Images.xcassets */,
				BA3C93C71810940D003A7910 /* Supporting Files */,
			);
			path = "Git Test";
			sourceTree = "<group>";
		};
		BA3C93C71810940D003A7910 /* Supporting Files */ = {
			isa = PBXGroup;
			children = (
				BA3C93C81810940D003A7910 /* Git Test-Info.plist */,
				BA3C93C91810940D003A7910 /* InfoPlist.strings */,
				BA3C93CC1810940D003A7910 /* main.m */,
				BA3C93CE1810940D003A7910 /* Git Test-Prefix.pch */,
			);
			name = "Supporting Files";
			sourceTree = "<group>";
		};
		BA3C93E81810940D003A7910 /* Git TestTests */ = {
			isa = PBXGroup;
			children = (
				BA3C93EE1810940D003A7910 /* Git_TestTests.m */,
				BA3C93E91810940D003A7910 /* Supporting Files */,
			);
			path = "Git TestTests";
			sourceTree = "<group>";
		};
		BA3C93E91810940D003A7910 /* Supporting Files */ = {
			isa = PBXGroup;
			children = (
				BA3C93EA1810940D003A7910 /* Git TestTests-Info.plist */,
				BA3C93EB1810940D003A7910 /* InfoPlist.strings */,
			);
			name = "Supporting Files";
			sourceTree = "<group>";
		};
/* End PBXGroup section */

/* Begin PBXNativeTarget section */
		BA3C93BC1810940D003A7910 /* Git Test */ = {
			isa = PBXNativeTarget;
			buildConfigurationList = BA3C93F21810940D003A7910 /* Build configuration list for PBXNativeTarget "Git Test" */;
			buildPhases = (
				BA3C93B91810940D003A7910 /* Sources */,
				BA3C93BA1810940D003A7910 /* Frameworks */,
				BA3C93BB1810940D003A7910 /* Resources */,
			);
			buildRules = (
			);
			dependencies = (
			);
			name = "Git Test";
			productName = "Git Test";
			productReference = BA3C93BD1810940D003A7910 /* Git Test.app */;
			productType = "com.apple.product-type.application";
		};
		BA3C93E01810940D003A7910 /* Git TestTests */ = {
			isa = PBXNativeTarget;
			buildConfigurationList = BA3C93F51810940D003A7910 /* Build configuration list for PBXNativeTarget "Git TestTests" */;
			buildPhases = (
				BA3C93DD1810940D003A7910 /* Sources */,
				BA3C93DE1810940D003A7910 /* Frameworks */,
				BA3C93DF1810940D003A7910 /* Resources */,
			);
			buildRules = (
			);
			dependencies = (
				BA3C93E71810940D003A7910 /* PBXTargetDependency */,
			);
			name = "Git TestTests";
			productName = "Git TestTests";
			productReference = BA3C93E11810940D003A7910 /* Git TestTests.xctest */;
			productType = "com.apple.product-type.bundle.unit-test";
		};
/* End PBXNativeTarget section */

/* Begin PBXProject section */
		BA3C93B51810940D003A7910 /* Project object */ = {
			isa = PBXProject;
			attributes = {
				CLASSPREFIX = CC;
				LastUpgradeCheck = 0500;
				ORGANIZATIONNAME = KH;
				TargetAttributes = {
					BA3C93E01810940D003A7910 = {
						TestTargetID = BA3C93BC1810940D003A7910;
					};
				};
			};
			buildConfigurationList = BA3C93B81810940D003A7910 /* Build configuration list for PBXProject "Git Test" */;
			compatibilityVersion = "Xcode 3.2";
			developmentRegion = English;
			hasScannedForEncodings = 0;
			knownRegions = (
				en,
				Base,
			);
			mainGroup = BA3C93B41810940D003A7910;
			productRefGroup = BA3C93BE1810940D003A7910 /* Products */;
			projectDirPath = "";
			projectRoot = "";
			targets = (
				BA3C93BC1810940D003A7910 /* Git Test */,
				BA3C93E01810940D003A7910 /* Git TestTests */,
			);
		};
/* End PBXProject section */

/* Begin PBXResourcesBuildPhase section */
		BA3C93BB1810940D003A7910 /* Resources */ = {
			isa = PBXResourcesBuildPhase;
			buildActionMask = 2147483647;
			files = (
				BA3C93D71810940D003A7910 /* Main_iPad.storyboard in Resources */,
				BA3C93DC1810940D003A7910 /* Images.xcassets in Resources */,
				BA3C93D41810940D003A7910 /* Main_iPhone.storyboard in Resources */,
				BA3C93CB1810940D003A7910 /* InfoPlist.strings in Resources */,
			);
			runOnlyForDeploymentPostprocessing = 0;
		};
		BA3C93DF1810940D003A7910 /* Resources */ = {
			isa = PBXResourcesBuildPhase;
			buildActionMask = 2147483647;
			files = (
				BA3C93ED1810940D003A7910 /* InfoPlist.strings in Resources */,
			);
			runOnlyForDeploymentPostprocessing = 0;
		};
/* End PBXResourcesBuildPhase section */

/* Begin PBXSourcesBuildPhase section */
		BA3C93B91810940D003A7910 /* Sources */ = {
			isa = PBXSourcesBuildPhase;
			buildActionMask = 2147483647;
			files = (
				BA3C93D11810940D003A7910 /* CCAppDelegate.m in Sources */,
				BA3C93CD1810940D003A7910 /* main.m in Sources */,
				BA3C93DA1810940D003A7910 /* CCViewController.m in Sources */,
			);
			runOnlyForDeploymentPostprocessing = 0;
		};
		BA3C93DD1810940D003A7910 /* Sources */ = {
			isa = PBXSourcesBuildPhase;
			buildActionMask = 2147483647;
			files = (
				BA3C93EF1810940D003A7910 /* Git_TestTests.m in Sources */,
			);
			runOnlyForDeploymentPostprocessing = 0;
		};
/* End PBXSourcesBuildPhase section */

/* Begin PBXTargetDependency section */
		BA3C93E71810940D003A7910 /* PBXTargetDependency */ = {
			isa = PBXTargetDependency;
			target = BA3C93BC1810940D003A7910 /* Git Test */;
			targetProxy = BA3C93E61810940D003A7910 /* PBXContainerItemProxy */;
		};
/* End PBXTargetDependency section */

/* Begin PBXVariantGroup section */
		BA3C93C91810940D003A7910 /* InfoPlist.strings */ = {
			isa = PBXVariantGroup;
			children = (
				BA3C93CA1810940D003A7910 /* en */,
			);
			name = InfoPlist.strings;
			sourceTree = "<group>";
		};
		BA3C93D21810940D003A7910 /* Main_iPhone.storyboard */ = {
			isa = PBXVariantGroup;
			children = (
				BA3C93D31810940D003A7910 /* Base */,
			);
			name = Main_iPhone.storyboard;
			sourceTree = "<group>";
		};
		BA3C93D51810940D003A7910 /* Main_iPad.storyboard */ = {
			isa = PBXVariantGroup;
			children = (
				BA3C93D61810940D003A7910 /* Base */,
			);
			name = Main_iPad.storyboard;
			sourceTree = "<group>";
		};
		BA3C93EB1810940D003A7910 /* InfoPlist.strings */ = {
			isa = PBXVariantGroup;
			children = (
				BA3C93EC1810940D003A7910 /* en */,
			);
			name = InfoPlist.strings;
			sourceTree = "<group>";
		};
/* End PBXVariantGroup section */

/* Begin XCBuildConfiguration section */
		BA3C93F01810940D003A7910 /* Debug */ = {
			isa = XCBuildConfiguration;
			buildSettings = {
				ALWAYS_SEARCH_USER_PATHS = NO;
				ARCHS = "$(ARCHS_STANDARD_INCLUDING_64_BIT)";
				CLANG_CXX_LANGUAGE_STANDARD = "gnu++0x";
				CLANG_CXX_LIBRARY = "libc++";
				CLANG_ENABLE_MODULES = YES;
				CLANG_ENABLE_OBJC_ARC = YES;
				CLANG_WARN_BOOL_CONVERSION = YES;
				CLANG_WARN_CONSTANT_CONVERSION = YES;
				CLANG_WARN_DIRECT_OBJC_ISA_USAGE = YES_ERROR;
				CLANG_WARN_EMPTY_BODY = YES;
				CLANG_WARN_ENUM_CONVERSION = YES;
				CLANG_WARN_INT_CONVERSION = YES;
				CLANG_WARN_OBJC_ROOT_CLASS = YES_ERROR;
				CLANG_WARN__DUPLICATE_METHOD_MATCH = YES;
				"CODE_SIGN_IDENTITY[sdk=iphoneos*]" = "iPhone Developer";
				COPY_PHASE_STRIP = NO;
				GCC_C_LANGUAGE_STANDARD = gnu99;
				GCC_DYNAMIC_NO_PIC = NO;
				GCC_OPTIMIZATION_LEVEL = 0;
				GCC_PREPROCESSOR_DEFINITIONS = (
					"DEBUG=1",
					"$(inherited)",
				);
				GCC_SYMBOLS_PRIVATE_EXTERN = NO;
				GCC_WARN_64_TO_32_BIT_CONVERSION = YES;
				GCC_WARN_ABOUT_RETURN_TYPE = YES_ERROR;
				GCC_WARN_UNDECLARED_SELECTOR = YES;
				GCC_WARN_UNINITIALIZED_AUTOS = YES;
				GCC_WARN_UNUSED_FUNCTION = YES;
				GCC_WARN_UNUSED_VARIABLE = YES;
				IPHONEOS_DEPLOYMENT_TARGET = 7.0;
				ONLY_ACTIVE_ARCH = YES;
				SDKROOT = iphoneos;
				TARGETED_DEVICE_FAMILY = "1,2";
			};
			name = Debug;
		};
		BA3C93F11810940D003A7910 /* Release */ = {
			isa = XCBuildConfiguration;
			buildSettings = {
				ALWAYS_SEARCH_USER_PATHS = NO;
				ARCHS = "$(ARCHS_STANDARD_INCLUDING_64_BIT)";
				CLANG_CXX_LANGUAGE_STANDARD = "gnu++0x";
				CLANG_CXX_LIBRARY = "libc++";
				CLANG_ENABLE_MODULES = YES;
				CLANG_ENABLE_OBJC_ARC = YES;
				CLANG_WARN_BOOL_CONVERSION = YES;
				CLANG_WARN_CONSTANT_CONVERSION = YES;
				CLANG_WARN_DIRECT_OBJC_ISA_USAGE = YES_ERROR;
				CLANG_WARN_EMPTY_BODY = YES;
				CLANG_WARN_ENUM_CONVERSION = YES;
				CLANG_WARN_INT_CONVERSION = YES;
				CLANG_WARN_OBJC_ROOT_CLASS = YES_ERROR;
				CLANG_WARN__DUPLICATE_METHOD_MATCH = YES;
				"CODE_SIGN_IDENTITY[sdk=iphoneos*]" = "iPhone Developer";
				COPY_PHASE_STRIP = YES;
				ENABLE_NS_ASSERTIONS = NO;
				GCC_C_LANGUAGE_STANDARD = gnu99;
				GCC_WARN_64_TO_32_BIT_CONVERSION = YES;
				GCC_WARN_ABOUT_RETURN_TYPE = YES_ERROR;
				GCC_WARN_UNDECLARED_SELECTOR = YES;
				GCC_WARN_UNINITIALIZED_AUTOS = YES;
				GCC_WARN_UNUSED_FUNCTION = YES;
				GCC_WARN_UNUSED_VARIABLE = YES;
				IPHONEOS_DEPLOYMENT_TARGET = 7.0;
				SDKROOT = iphoneos;
				TARGETED_DEVICE_FAMILY = "1,2";
				VALIDATE_PRODUCT = YES;
			};
			name = Release;
		};
		BA3C93F31810940D003A7910 /* Debug */ = {
			isa = XCBuildConfiguration;
			buildSettings = {
				ASSETCATALOG_COMPILER_APPICON_NAME = AppIcon;
				ASSETCATALOG_COMPILER_LAUNCHIMAGE_NAME = LaunchImage;
				GCC_PRECOMPILE_PREFIX_HEADER = YES;
				GCC_PREFIX_HEADER = "Git Test/Git Test-Prefix.pch";
				INFOPLIST_FILE = "Git Test/Git Test-Info.plist";
				PRODUCT_NAME = "$(TARGET_NAME)";
				WRAPPER_EXTENSION = app;
			};
			name = Debug;
		};
		BA3C93F41810940D003A7910 /* Release */ = {
			isa = XCBuildConfiguration;
			buildSettings = {
				ASSETCATALOG_COMPILER_APPICON_NAME = AppIcon;
				ASSETCATALOG_COMPILER_LAUNCHIMAGE_NAME = LaunchImage;
				GCC_PRECOMPILE_PREFIX_HEADER = YES;
				GCC_PREFIX_HEADER = "Git Test/Git Test-Prefix.pch";
				INFOPLIST_FILE = "Git Test/Git Test-Info.plist";
				PRODUCT_NAME = "$(TARGET_NAME)";
				WRAPPER_EXTENSION = app;
			};
			name = Release;
		};
		BA3C93F61810940D003A7910 /* Debug */ = {
			isa = XCBuildConfiguration;
			buildSettings = {
				ARCHS = "$(ARCHS_STANDARD_INCLUDING_64_BIT)";
				BUNDLE_LOADER = "$(BUILT_PRODUCTS_DIR)/Git Test.app/Git Test";
				FRAMEWORK_SEARCH_PATHS = (
					"$(SDKROOT)/Developer/Library/Frameworks",
					"$(inherited)",
					"$(DEVELOPER_FRAMEWORKS_DIR)",
				);
				GCC_PRECOMPILE_PREFIX_HEADER = YES;
				GCC_PREFIX_HEADER = "Git Test/Git Test-Prefix.pch";
				GCC_PREPROCESSOR_DEFINITIONS = (
					"DEBUG=1",
					"$(inherited)",
				);
				INFOPLIST_FILE = "Git TestTests/Git TestTests-Info.plist";
				PRODUCT_NAME = "$(TARGET_NAME)";
				TEST_HOST = "$(BUNDLE_LOADER)";
				WRAPPER_EXTENSION = xctest;
			};
			name = Debug;
		};
		BA3C93F71810940D003A7910 /* Release */ = {
			isa = XCBuildConfiguration;
			buildSettings = {
				ARCHS = "$(ARCHS_STANDARD_INCLUDING_64_BIT)";
				BUNDLE_LOADER = "$(BUILT_PRODUCTS_DIR)/Git Test.app/Git Test";
				FRAMEWORK_SEARCH_PATHS = (
					"$(SDKROOT)/Developer/Library/Frameworks",
					"$(inherited)",
					"$(DEVELOPER_FRAMEWORKS_DIR)",
				);
				GCC_PRECOMPILE_PREFIX_HEADER = YES;
				GCC_PREFIX_HEADER = "Git Test/Git Test-Prefix.pch";
				INFOPLIST_FILE = "Git TestTests/Git TestTests-Info.plist";
				PRODUCT_NAME = "$(TARGET_NAME)";
				TEST_HOST = "$(BUNDLE_LOADER)";
				WRAPPER_EXTENSION = xctest;
			};
			name = Release;
		};
/* End XCBuildConfiguration section */

/* Begin XCConfigurationList section */
		BA3C93B81810940D003A7910 /* Build configuration list for PBXProject "Git Test" */ = {
			isa = XCConfigurationList;
			buildConfigurations = (
				BA3C93F01810940D003A7910 /* Debug */,
				BA3C93F11810940D003A7910 /* Release */,
			);
			defaultConfigurationIsVisible = 0;
			defaultConfigurationName = Release;
		};
		BA3C93F21810940D003A7910 /* Build configuration list for PBXNativeTarget "Git Test" */ = {
			isa = XCConfigurationList;
			buildConfigurations = (
				BA3C93F31810940D003A7910 /* Debug */,
				BA3C93F41810940D003A7910 /* Release */,
			);
			defaultConfigurationIsVisible = 0;
		};
		BA3C93F51810940D003A7910 /* Build configuration list for PBXNativeTarget "Git TestTests" */ = {
			isa = XCConfigurationList;
			buildConfigurations = (
				BA3C93F61810940D003A7910 /* Debug */,
				BA3C93F71810940D003A7910 /* Release */,
			);
			defaultConfigurationIsVisible = 0;
		};
/* End XCConfigurationList section */
	};
	rootObject = BA3C93B51810940D003A7910 /* Project object */;
}
